
Microsoft Visual Studio Solution File, Format Version 12.00
# Visual Studio Version 17
VisualStudioVersion = 17.14.37111.16
MinimumVisualStudioVersion = 10.0.40219.1
Project("{FAE04EC0-301F-11D3-BF4B-00C04F79EFBC}") = "QuoteStore", "QuoteStore\QuoteStore.csproj", "{3B5975CA-4CDA-4D00-9F69-3C4EF7F60994}"
EndProject
Global
	GlobalSection(SolutionConfigurationPlatforms) = preSolution
		Debug|Any CPU = Debug|Any CPU
		Release|Any CPU = Release|Any CPU
	EndGlobalSection
	GlobalSection(ProjectConfigurationPlatforms) = postSolution
		{3B5975CA-4CDA-4D00-9F69-3C4EF7F60994}.Debug|Any CPU.ActiveCfg = Debug|Any CPU
		{3B5975CA-4CDA-4D00-9F69-3C4EF7F60994}.Debug|Any CPU.Build.0 = Debug|Any CPU
		{3B5975CA-4CDA-4D00-9F69-3C4EF7F60994}.Release|Any CPU.ActiveCfg = Release|Any CPU
		{3B5975CA-4CDA-4D00-9F69-3C4EF7F60994}.Release|Any CPU.Build.0 = Release|Any CPU
	EndGlobalSection
	GlobalSection(SolutionProperties) = preSolution
		HideSolutionNode = FALSE
	EndGlobalSection
	GlobalSection(ExtensibilityGlobals) = postSolution
		SolutionGuid = {1749E0F8-08D5-45D4-9B2C-E101C4393A70}
	EndGlobalSection
EndGlobal
